
Microsoft Visual Studio Solution File, Format Version 12.00
# Visual Studio Version 16
VisualStudioVersion = 16.0.809.7
MinimumVisualStudioVersion = 10.0.40219.1
Project("{FAE04EC0-301F-11D3-BF4B-00C04F79EFBC}") = "BCBPSharp.Tests", "BCBPSharp.Tests\BCBPSharp.Tests.csproj", "{999EA2DD-263E-4127-9E61-20E9C62E8D21}"
EndProject
Project("{FAE04EC0-301F-11D3-BF4B-00C04F79EFBC}") = "BCBPSharp", "BCBPSharp\BCBPSharp.csproj", "{6952A542-7A0C-4AA5-8A4F-2A9EA9CFB12B}"
EndProject
Global
	GlobalSection(SolutionConfigurationPlatforms) = preSolution
		Debug|Any CPU = Debug|Any CPU
		Release|Any CPU = Release|Any CPU
	EndGlobalSection
	GlobalSection(ProjectConfigurationPlatforms) = postSolution
		{999EA2DD-263E-4127-9E61-20E9C62E8D21}.Debug|Any CPU.ActiveCfg = Debug|Any CPU
		{999EA2DD-263E-4127-9E61-20E9C62E8D21}.Debug|Any CPU.Build.0 = Debug|Any CPU
		{999EA2DD-263E-4127-9E61-20E9C62E8D21}.Release|Any CPU.ActiveCfg = Release|Any CPU
		{999EA2DD-263E-4127-9E61-20E9C62E8D21}.Release|Any CPU.Build.0 = Release|Any CPU
		{6952A542-7A0C-4AA5-8A4F-2A9EA9CFB12B}.Debug|Any CPU.ActiveCfg = Debug|Any CPU
		{6952A542-7A0C-4AA5-8A4F-2A9EA9CFB12B}.Debug|Any CPU.Build.0 = Debug|Any CPU
		{6952A542-7A0C-4AA5-8A4F-2A9EA9CFB12B}.Release|Any CPU.ActiveCfg = Release|Any CPU
		{6952A542-7A0C-4AA5-8A4F-2A9EA9CFB12B}.Release|Any CPU.Build.0 = Release|Any CPU
	EndGlobalSection
	GlobalSection(SolutionProperties) = preSolution
		HideSolutionNode = FALSE
	EndGlobalSection
	GlobalSection(ExtensibilityGlobals) = postSolution
		SolutionGuid = {08783CA4-26BE-41A1-BF1F-1C3397FD20BC}
	EndGlobalSection
EndGlobal
